// !$*UTF8*$!
{
	archiveVersion = 1;
	classes = {
	};
	objectVersion = 46;
	objects = {

/* Begin PBXBuildFile section */
		8165ABC71CD11D3100581440 /* RunViewController.swift in Sources */ = {isa = PBXBuildFile; fileRef = 8165ABC61CD11D3100581440 /* RunViewController.swift */; };
		817BEF921CF48DAE00E791DF /* m29.json in Sources */ = {isa = PBXBuildFile; fileRef = 817BEF911CF48DAE00E791DF /* m29.json */; };
		817BEF941CF4AE8400E791DF /* DataMapping.swift in Sources */ = {isa = PBXBuildFile; fileRef = 817BEF931CF4AE8400E791DF /* DataMapping.swift */; };
		817BEF961CF4AF4500E791DF /* DataImport.swift in Sources */ = {isa = PBXBuildFile; fileRef = 817BEF951CF4AF4500E791DF /* DataImport.swift */; };
		817BEFB41CF4B9F000E791DF /* m29.json in Resources */ = {isa = PBXBuildFile; fileRef = 817BEF911CF48DAE00E791DF /* m29.json */; };
		81AB14CF1CF468660065C167 /* PushupViewController.swift in Sources */ = {isa = PBXBuildFile; fileRef = 81AB14CE1CF468660065C167 /* PushupViewController.swift */; };
		81AB14D11CF475BB0065C167 /* WaistViewController.swift in Sources */ = {isa = PBXBuildFile; fileRef = 81AB14D01CF475BB0065C167 /* WaistViewController.swift */; };
		F20DA9141CD1886600447A07 /* Helper.swift in Sources */ = {isa = PBXBuildFile; fileRef = F20DA9131CD1886600447A07 /* Helper.swift */; };
		F281506D1CD03B62006CB19A /* AppDelegate.swift in Sources */ = {isa = PBXBuildFile; fileRef = F281506C1CD03B62006CB19A /* AppDelegate.swift */; };
		F281506F1CD03B62006CB19A /* FitnessViewController.swift in Sources */ = {isa = PBXBuildFile; fileRef = F281506E1CD03B62006CB19A /* FitnessViewController.swift */; };
		F28150721CD03B62006CB19A /* Main.storyboard in Resources */ = {isa = PBXBuildFile; fileRef = F28150701CD03B62006CB19A /* Main.storyboard */; };
		F28150741CD03B62006CB19A /* Assets.xcassets in Resources */ = {isa = PBXBuildFile; fileRef = F28150731CD03B62006CB19A /* Assets.xcassets */; };
		F28150821CD03B62006CB19A /* AF_Fitness_TrackerTests.swift in Sources */ = {isa = PBXBuildFile; fileRef = F28150811CD03B62006CB19A /* AF_Fitness_TrackerTests.swift */; };
		F281508D1CD03B62006CB19A /* AF_Fitness_TrackerUITests.swift in Sources */ = {isa = PBXBuildFile; fileRef = F281508C1CD03B62006CB19A /* AF_Fitness_TrackerUITests.swift */; };
		F28716921CF51B4100D0107B /* SwiftyJSON.framework in Frameworks */ = {isa = PBXBuildFile; fileRef = F28716821CF51B0E00D0107B /* SwiftyJSON.framework */; };
		F28716931CF51B4100D0107B /* SwiftyJSON.framework in Frameworks */ = {isa = PBXBuildFile; fileRef = F28716861CF51B0E00D0107B /* SwiftyJSON.framework */; };
		F28716941CF51B4100D0107B /* SwiftyJSON.framework in Frameworks */ = {isa = PBXBuildFile; fileRef = F287168A1CF51B0E00D0107B /* SwiftyJSON.framework */; };
		F28716951CF51B4100D0107B /* SwiftyJSON.framework in Frameworks */ = {isa = PBXBuildFile; fileRef = F287168C1CF51B0E00D0107B /* SwiftyJSON.framework */; };
		F287169B1CF51C6300D0107B /* f29.json in Resources */ = {isa = PBXBuildFile; fileRef = F28716961CF51C6300D0107B /* f29.json */; };
		F287169C1CF51C6300D0107B /* f30.json in Resources */ = {isa = PBXBuildFile; fileRef = F28716971CF51C6300D0107B /* f30.json */; };
		F287169D1CF51C6300D0107B /* f39.json in Resources */ = {isa = PBXBuildFile; fileRef = F28716981CF51C6300D0107B /* f39.json */; };
		F287169E1CF51C6300D0107B /* f49.json in Resources */ = {isa = PBXBuildFile; fileRef = F28716991CF51C6300D0107B /* f49.json */; };
		F287169F1CF51C6300D0107B /* f59.json in Resources */ = {isa = PBXBuildFile; fileRef = F287169A1CF51C6300D0107B /* f59.json */; };
		F28716A41CF51C7200D0107B /* m30.json in Resources */ = {isa = PBXBuildFile; fileRef = F28716A01CF51C7200D0107B /* m30.json */; };
		F28716A51CF51C7200D0107B /* m40.json in Resources */ = {isa = PBXBuildFile; fileRef = F28716A11CF51C7200D0107B /* m40.json */; };
		F28716A61CF51C7200D0107B /* m50.json in Resources */ = {isa = PBXBuildFile; fileRef = F28716A21CF51C7200D0107B /* m50.json */; };
		F28716A71CF51C7200D0107B /* m60.json in Resources */ = {isa = PBXBuildFile; fileRef = F28716A31CF51C7200D0107B /* m60.json */; };
		F2AFCBE01CD996FA000E404B /* SitupViewController.swift in Sources */ = {isa = PBXBuildFile; fileRef = F2AFCBDF1CD996FA000E404B /* SitupViewController.swift */; };
		F2F8769A1CD03DA6004A72F3 /* Score.swift in Sources */ = {isa = PBXBuildFile; fileRef = F2F876991CD03DA6004A72F3 /* Score.swift */; };
		F2F8769C1CD0422C004A72F3 /* FitnessTableViewCell.swift in Sources */ = {isa = PBXBuildFile; fileRef = F2F8769B1CD0422C004A72F3 /* FitnessTableViewCell.swift */; };
		F2F876A31CD0551E004A72F3 /* FitnessTableViewController.swift in Sources */ = {isa = PBXBuildFile; fileRef = F2F876A11CD0551E004A72F3 /* FitnessTableViewController.swift */; };
		F2F876A41CD0551E004A72F3 /* FitnessTableViewController.xib in Resources */ = {isa = PBXBuildFile; fileRef = F2F876A21CD0551E004A72F3 /* FitnessTableViewController.xib */; };
		F2FBC3F51CD968F100CC6584 /* Run.swift in Sources */ = {isa = PBXBuildFile; fileRef = F2FBC3F41CD968F100CC6584 /* Run.swift */; };
/* End PBXBuildFile section */

/* Begin PBXContainerItemProxy section */
		F281507E1CD03B62006CB19A /* PBXContainerItemProxy */ = {
			isa = PBXContainerItemProxy;
			containerPortal = F28150611CD03B62006CB19A /* Project object */;
			proxyType = 1;
			remoteGlobalIDString = F28150681CD03B62006CB19A;
			remoteInfo = "AF Fitness Tracker";
		};
		F28150891CD03B62006CB19A /* PBXContainerItemProxy */ = {
			isa = PBXContainerItemProxy;
			containerPortal = F28150611CD03B62006CB19A /* Project object */;
			proxyType = 1;
			remoteGlobalIDString = F28150681CD03B62006CB19A;
			remoteInfo = "AF Fitness Tracker";
		};
		F28716811CF51B0E00D0107B /* PBXContainerItemProxy */ = {
			isa = PBXContainerItemProxy;
			containerPortal = F28716771CF51B0E00D0107B /* SwiftyJSON.xcodeproj */;
			proxyType = 2;
			remoteGlobalIDString = 2E4FEFDB19575BE100351305;
			remoteInfo = "SwiftyJSON iOS";
		};
		F28716831CF51B0E00D0107B /* PBXContainerItemProxy */ = {
			isa = PBXContainerItemProxy;
			containerPortal = F28716771CF51B0E00D0107B /* SwiftyJSON.xcodeproj */;
			proxyType = 2;
			remoteGlobalIDString = 2E4FEFE619575BE100351305;
			remoteInfo = "SwiftyJSON iOS Tests";
		};
		F28716851CF51B0E00D0107B /* PBXContainerItemProxy */ = {
			isa = PBXContainerItemProxy;
			containerPortal = F28716771CF51B0E00D0107B /* SwiftyJSON.xcodeproj */;
			proxyType = 2;
			remoteGlobalIDString = 9C7DFC5B1A9102BD005AA3F7;
			remoteInfo = "SwiftyJSON OSX";
		};
		F28716871CF51B0E00D0107B /* PBXContainerItemProxy */ = {
			isa = PBXContainerItemProxy;
			containerPortal = F28716771CF51B0E00D0107B /* SwiftyJSON.xcodeproj */;
			proxyType = 2;
			remoteGlobalIDString = 9C7DFC651A9102BD005AA3F7;
			remoteInfo = "SwiftyJSON OSX Tests";
		};
		F28716891CF51B0E00D0107B /* PBXContainerItemProxy */ = {
			isa = PBXContainerItemProxy;
			containerPortal = F28716771CF51B0E00D0107B /* SwiftyJSON.xcodeproj */;
			proxyType = 2;
			remoteGlobalIDString = E4D7CCE81B9465A700EE7221;
			remoteInfo = "SwiftyJSON watchOS";
		};
		F287168B1CF51B0E00D0107B /* PBXContainerItemProxy */ = {
			isa = PBXContainerItemProxy;
			containerPortal = F28716771CF51B0E00D0107B /* SwiftyJSON.xcodeproj */;
			proxyType = 2;
			remoteGlobalIDString = 7236B4F61BAC14150020529B;
			remoteInfo = "SwiftyJSON tvOS";
		};
		F287168D1CF51B0E00D0107B /* PBXContainerItemProxy */ = {
			isa = PBXContainerItemProxy;
			containerPortal = F28716771CF51B0E00D0107B /* SwiftyJSON.xcodeproj */;
			proxyType = 2;
			remoteGlobalIDString = A8580F741BCF5C5B00DA927B;
			remoteInfo = "SwiftyJSON tvOS Tests";
		};
/* End PBXContainerItemProxy section */

/* Begin PBXFileReference section */
		8165ABC61CD11D3100581440 /* RunViewController.swift */ = {isa = PBXFileReference; fileEncoding = 4; lastKnownFileType = sourcecode.swift; path = RunViewController.swift; sourceTree = "<group>"; };
		817BEF911CF48DAE00E791DF /* m29.json */ = {isa = PBXFileReference; fileEncoding = 4; lastKnownFileType = text.json; path = m29.json; sourceTree = "<group>"; };
		817BEF931CF4AE8400E791DF /* DataMapping.swift */ = {isa = PBXFileReference; fileEncoding = 4; lastKnownFileType = sourcecode.swift; path = DataMapping.swift; sourceTree = "<group>"; };
		817BEF951CF4AF4500E791DF /* DataImport.swift */ = {isa = PBXFileReference; fileEncoding = 4; lastKnownFileType = sourcecode.swift; path = DataImport.swift; sourceTree = "<group>"; };
		81AB14CE1CF468660065C167 /* PushupViewController.swift */ = {isa = PBXFileReference; fileEncoding = 4; lastKnownFileType = sourcecode.swift; path = PushupViewController.swift; sourceTree = "<group>"; };
		81AB14D01CF475BB0065C167 /* WaistViewController.swift */ = {isa = PBXFileReference; fileEncoding = 4; lastKnownFileType = sourcecode.swift; path = WaistViewController.swift; sourceTree = "<group>"; };
		F20DA9131CD1886600447A07 /* Helper.swift */ = {isa = PBXFileReference; fileEncoding = 4; lastKnownFileType = sourcecode.swift; path = Helper.swift; sourceTree = "<group>"; };
		F28150691CD03B62006CB19A /* AF Fitness Tracker.app */ = {isa = PBXFileReference; explicitFileType = wrapper.application; includeInIndex = 0; path = "AF Fitness Tracker.app"; sourceTree = BUILT_PRODUCTS_DIR; };
		F281506C1CD03B62006CB19A /* AppDelegate.swift */ = {isa = PBXFileReference; lastKnownFileType = sourcecode.swift; path = AppDelegate.swift; sourceTree = "<group>"; };
		F281506E1CD03B62006CB19A /* FitnessViewController.swift */ = {isa = PBXFileReference; lastKnownFileType = sourcecode.swift; path = FitnessViewController.swift; sourceTree = "<group>"; };
		F28150711CD03B62006CB19A /* Base */ = {isa = PBXFileReference; lastKnownFileType = file.storyboard; name = Base; path = Base.lproj/Main.storyboard; sourceTree = "<group>"; };
		F28150731CD03B62006CB19A /* Assets.xcassets */ = {isa = PBXFileReference; lastKnownFileType = folder.assetcatalog; path = Assets.xcassets; sourceTree = "<group>"; };
		F28150781CD03B62006CB19A /* Info.plist */ = {isa = PBXFileReference; lastKnownFileType = text.plist.xml; path = Info.plist; sourceTree = "<group>"; };
		F281507D1CD03B62006CB19A /* AF Fitness TrackerTests.xctest */ = {isa = PBXFileReference; explicitFileType = wrapper.cfbundle; includeInIndex = 0; path = "AF Fitness TrackerTests.xctest"; sourceTree = BUILT_PRODUCTS_DIR; };
		F28150811CD03B62006CB19A /* AF_Fitness_TrackerTests.swift */ = {isa = PBXFileReference; lastKnownFileType = sourcecode.swift; path = AF_Fitness_TrackerTests.swift; sourceTree = "<group>"; };
		F28150831CD03B62006CB19A /* Info.plist */ = {isa = PBXFileReference; lastKnownFileType = text.plist.xml; path = Info.plist; sourceTree = "<group>"; };
		F28150881CD03B62006CB19A /* AF Fitness TrackerUITests.xctest */ = {isa = PBXFileReference; explicitFileType = wrapper.cfbundle; includeInIndex = 0; path = "AF Fitness TrackerUITests.xctest"; sourceTree = BUILT_PRODUCTS_DIR; };
		F281508C1CD03B62006CB19A /* AF_Fitness_TrackerUITests.swift */ = {isa = PBXFileReference; lastKnownFileType = sourcecode.swift; path = AF_Fitness_TrackerUITests.swift; sourceTree = "<group>"; };
		F281508E1CD03B62006CB19A /* Info.plist */ = {isa = PBXFileReference; lastKnownFileType = text.plist.xml; path = Info.plist; sourceTree = "<group>"; };
		F28716771CF51B0E00D0107B /* SwiftyJSON.xcodeproj */ = {isa = PBXFileReference; lastKnownFileType = "wrapper.pb-project"; name = SwiftyJSON.xcodeproj; path = ../SwiftyJSON/SwiftyJSON.xcodeproj; sourceTree = "<group>"; };
		F28716961CF51C6300D0107B /* f29.json */ = {isa = PBXFileReference; fileEncoding = 4; lastKnownFileType = text.json; path = f29.json; sourceTree = "<group>"; };
		F28716971CF51C6300D0107B /* f30.json */ = {isa = PBXFileReference; fileEncoding = 4; lastKnownFileType = text.json; path = f30.json; sourceTree = "<group>"; };
		F28716981CF51C6300D0107B /* f39.json */ = {isa = PBXFileReference; fileEncoding = 4; lastKnownFileType = text.json; path = f39.json; sourceTree = "<group>"; };
		F28716991CF51C6300D0107B /* f49.json */ = {isa = PBXFileReference; fileEncoding = 4; lastKnownFileType = text.json; path = f49.json; sourceTree = "<group>"; };
		F287169A1CF51C6300D0107B /* f59.json */ = {isa = PBXFileReference; fileEncoding = 4; lastKnownFileType = text.json; path = f59.json; sourceTree = "<group>"; };
		F28716A01CF51C7200D0107B /* m30.json */ = {isa = PBXFileReference; fileEncoding = 4; lastKnownFileType = text.json; path = m30.json; sourceTree = "<group>"; };
		F28716A11CF51C7200D0107B /* m40.json */ = {isa = PBXFileReference; fileEncoding = 4; lastKnownFileType = text.json; path = m40.json; sourceTree = "<group>"; };
		F28716A21CF51C7200D0107B /* m50.json */ = {isa = PBXFileReference; fileEncoding = 4; lastKnownFileType = text.json; path = m50.json; sourceTree = "<group>"; };
		F28716A31CF51C7200D0107B /* m60.json */ = {isa = PBXFileReference; fileEncoding = 4; lastKnownFileType = text.json; path = m60.json; sourceTree = "<group>"; };
		F2AFCBDF1CD996FA000E404B /* SitupViewController.swift */ = {isa = PBXFileReference; fileEncoding = 4; lastKnownFileType = sourcecode.swift; path = SitupViewController.swift; sourceTree = "<group>"; };
		F2F876991CD03DA6004A72F3 /* Score.swift */ = {isa = PBXFileReference; fileEncoding = 4; lastKnownFileType = sourcecode.swift; path = Score.swift; sourceTree = "<group>"; };
		F2F8769B1CD0422C004A72F3 /* FitnessTableViewCell.swift */ = {isa = PBXFileReference; fileEncoding = 4; lastKnownFileType = sourcecode.swift; path = FitnessTableViewCell.swift; sourceTree = "<group>"; };
		F2F876A11CD0551E004A72F3 /* FitnessTableViewController.swift */ = {isa = PBXFileReference; fileEncoding = 4; lastKnownFileType = sourcecode.swift; path = FitnessTableViewController.swift; sourceTree = "<group>"; };
		F2F876A21CD0551E004A72F3 /* FitnessTableViewController.xib */ = {isa = PBXFileReference; fileEncoding = 4; lastKnownFileType = file.xib; path = FitnessTableViewController.xib; sourceTree = "<group>"; };
		F2FBC3F41CD968F100CC6584 /* Run.swift */ = {isa = PBXFileReference; fileEncoding = 4; lastKnownFileType = sourcecode.swift; path = Run.swift; sourceTree = "<group>"; };
/* End PBXFileReference section */

/* Begin PBXFrameworksBuildPhase section */
		F28150661CD03B62006CB19A /* Frameworks */ = {
			isa = PBXFrameworksBuildPhase;
			buildActionMask = 2147483647;
			files = (
				F28716921CF51B4100D0107B /* SwiftyJSON.framework in Frameworks */,
				F28716931CF51B4100D0107B /* SwiftyJSON.framework in Frameworks */,
				F28716941CF51B4100D0107B /* SwiftyJSON.framework in Frameworks */,
				F28716951CF51B4100D0107B /* SwiftyJSON.framework in Frameworks */,
			);
			runOnlyForDeploymentPostprocessing = 0;
		};
		F281507A1CD03B62006CB19A /* Frameworks */ = {
			isa = PBXFrameworksBuildPhase;
			buildActionMask = 2147483647;
			files = (
			);
			runOnlyForDeploymentPostprocessing = 0;
		};
		F28150851CD03B62006CB19A /* Frameworks */ = {
			isa = PBXFrameworksBuildPhase;
			buildActionMask = 2147483647;
			files = (
			);
			runOnlyForDeploymentPostprocessing = 0;
		};
/* End PBXFrameworksBuildPhase section */

/* Begin PBXGroup section */
		817BEFB31CF4B7C800E791DF /* json_import */ = {
			isa = PBXGroup;
			children = (
				817BEF911CF48DAE00E791DF /* m29.json */,
				F28716A01CF51C7200D0107B /* m30.json */,
				F28716A11CF51C7200D0107B /* m40.json */,
				F28716A21CF51C7200D0107B /* m50.json */,
				F28716A31CF51C7200D0107B /* m60.json */,
				F28716961CF51C6300D0107B /* f29.json */,
				F28716971CF51C6300D0107B /* f30.json */,
				F28716981CF51C6300D0107B /* f39.json */,
				F28716991CF51C6300D0107B /* f49.json */,
				F287169A1CF51C6300D0107B /* f59.json */,
			);
			name = json_import;
			sourceTree = "<group>";
		};
		F28150601CD03B62006CB19A = {
			isa = PBXGroup;
			children = (
				F28716771CF51B0E00D0107B /* SwiftyJSON.xcodeproj */,
				F281506B1CD03B62006CB19A /* AF Fitness Tracker */,
				F28150801CD03B62006CB19A /* AF Fitness TrackerTests */,
				F281508B1CD03B62006CB19A /* AF Fitness TrackerUITests */,
				F281506A1CD03B62006CB19A /* Products */,
			);
			sourceTree = "<group>";
		};
		F281506A1CD03B62006CB19A /* Products */ = {
			isa = PBXGroup;
			children = (
				F28150691CD03B62006CB19A /* AF Fitness Tracker.app */,
				F281507D1CD03B62006CB19A /* AF Fitness TrackerTests.xctest */,
				F28150881CD03B62006CB19A /* AF Fitness TrackerUITests.xctest */,
			);
			name = Products;
			sourceTree = "<group>";
		};
		F281506B1CD03B62006CB19A /* AF Fitness Tracker */ = {
			isa = PBXGroup;
			children = (
				817BEFB31CF4B7C800E791DF /* json_import */,
				F281506C1CD03B62006CB19A /* AppDelegate.swift */,
				F281506E1CD03B62006CB19A /* FitnessViewController.swift */,
				8165ABC61CD11D3100581440 /* RunViewController.swift */,
				F2AFCBDF1CD996FA000E404B /* SitupViewController.swift */,
				81AB14CE1CF468660065C167 /* PushupViewController.swift */,
				81AB14D01CF475BB0065C167 /* WaistViewController.swift */,
				F20DA9131CD1886600447A07 /* Helper.swift */,
				F28150701CD03B62006CB19A /* Main.storyboard */,
				F2F876A11CD0551E004A72F3 /* FitnessTableViewController.swift */,
				F2F876A21CD0551E004A72F3 /* FitnessTableViewController.xib */,
				F2F8769B1CD0422C004A72F3 /* FitnessTableViewCell.swift */,
				F2F876991CD03DA6004A72F3 /* Score.swift */,
				F28150731CD03B62006CB19A /* Assets.xcassets */,
				F28150781CD03B62006CB19A /* Info.plist */,
				F2FBC3F41CD968F100CC6584 /* Run.swift */,
				817BEF951CF4AF4500E791DF /* DataImport.swift */,
				817BEF931CF4AE8400E791DF /* DataMapping.swift */,
			);
			path = "AF Fitness Tracker";
			sourceTree = "<group>";
		};
		F28150801CD03B62006CB19A /* AF Fitness TrackerTests */ = {
			isa = PBXGroup;
			children = (
				F28150811CD03B62006CB19A /* AF_Fitness_TrackerTests.swift */,
				F28150831CD03B62006CB19A /* Info.plist */,
			);
			path = "AF Fitness TrackerTests";
			sourceTree = "<group>";
		};
		F281508B1CD03B62006CB19A /* AF Fitness TrackerUITests */ = {
			isa = PBXGroup;
			children = (
				F281508C1CD03B62006CB19A /* AF_Fitness_TrackerUITests.swift */,
				F281508E1CD03B62006CB19A /* Info.plist */,
			);
			path = "AF Fitness TrackerUITests";
			sourceTree = "<group>";
		};
		F28716781CF51B0E00D0107B /* Products */ = {
			isa = PBXGroup;
			children = (
				F28716821CF51B0E00D0107B /* SwiftyJSON.framework */,
				F28716841CF51B0E00D0107B /* SwiftyJSON iOS Tests.xctest */,
				F28716861CF51B0E00D0107B /* SwiftyJSON.framework */,
				F28716881CF51B0E00D0107B /* SwiftyJSON OSX Tests.xctest */,
				F287168A1CF51B0E00D0107B /* SwiftyJSON.framework */,
				F287168C1CF51B0E00D0107B /* SwiftyJSON.framework */,
				F287168E1CF51B0E00D0107B /* SwiftyJSON tvOS Tests.xctest */,
			);
			name = Products;
			sourceTree = "<group>";
		};
/* End PBXGroup section */

/* Begin PBXNativeTarget section */
		F28150681CD03B62006CB19A /* AF Fitness Tracker */ = {
			isa = PBXNativeTarget;
			buildConfigurationList = F28150911CD03B62006CB19A /* Build configuration list for PBXNativeTarget "AF Fitness Tracker" */;
			buildPhases = (
				F28150651CD03B62006CB19A /* Sources */,
				F28150661CD03B62006CB19A /* Frameworks */,
				F28150671CD03B62006CB19A /* Resources */,
			);
			buildRules = (
			);
			dependencies = (
			);
			name = "AF Fitness Tracker";
			productName = "AF Fitness Tracker";
			productReference = F28150691CD03B62006CB19A /* AF Fitness Tracker.app */;
			productType = "com.apple.product-type.application";
		};
		F281507C1CD03B62006CB19A /* AF Fitness TrackerTests */ = {
			isa = PBXNativeTarget;
			buildConfigurationList = F28150941CD03B62006CB19A /* Build configuration list for PBXNativeTarget "AF Fitness TrackerTests" */;
			buildPhases = (
				F28150791CD03B62006CB19A /* Sources */,
				F281507A1CD03B62006CB19A /* Frameworks */,
				F281507B1CD03B62006CB19A /* Resources */,
			);
			buildRules = (
			);
			dependencies = (
				F281507F1CD03B62006CB19A /* PBXTargetDependency */,
			);
			name = "AF Fitness TrackerTests";
			productName = "AF Fitness TrackerTests";
			productReference = F281507D1CD03B62006CB19A /* AF Fitness TrackerTests.xctest */;
			productType = "com.apple.product-type.bundle.unit-test";
		};
		F28150871CD03B62006CB19A /* AF Fitness TrackerUITests */ = {
			isa = PBXNativeTarget;
			buildConfigurationList = F28150971CD03B62006CB19A /* Build configuration list for PBXNativeTarget "AF Fitness TrackerUITests" */;
			buildPhases = (
				F28150841CD03B62006CB19A /* Sources */,
				F28150851CD03B62006CB19A /* Frameworks */,
				F28150861CD03B62006CB19A /* Resources */,
			);
			buildRules = (
			);
			dependencies = (
				F281508A1CD03B62006CB19A /* PBXTargetDependency */,
			);
			name = "AF Fitness TrackerUITests";
			productName = "AF Fitness TrackerUITests";
			productReference = F28150881CD03B62006CB19A /* AF Fitness TrackerUITests.xctest */;
			productType = "com.apple.product-type.bundle.ui-testing";
		};
/* End PBXNativeTarget section */

/* Begin PBXProject section */
		F28150611CD03B62006CB19A /* Project object */ = {
			isa = PBXProject;
			attributes = {
				LastSwiftUpdateCheck = 0730;
				LastUpgradeCheck = 0730;
				ORGANIZATIONNAME = "Tony Gresko";
				TargetAttributes = {
					F28150681CD03B62006CB19A = {
						CreatedOnToolsVersion = 7.3;
						DevelopmentTeam = C6H6JTXCL3;
					};
					F281507C1CD03B62006CB19A = {
						CreatedOnToolsVersion = 7.3;
						DevelopmentTeam = C6H6JTXCL3;
						TestTargetID = F28150681CD03B62006CB19A;
					};
					F28150871CD03B62006CB19A = {
						CreatedOnToolsVersion = 7.3;
						DevelopmentTeam = C6H6JTXCL3;
						TestTargetID = F28150681CD03B62006CB19A;
					};
				};
			};
			buildConfigurationList = F28150641CD03B62006CB19A /* Build configuration list for PBXProject "AF Fitness Tracker" */;
			compatibilityVersion = "Xcode 3.2";
			developmentRegion = English;
			hasScannedForEncodings = 0;
			knownRegions = (
				en,
				Base,
			);
			mainGroup = F28150601CD03B62006CB19A;
			productRefGroup = F281506A1CD03B62006CB19A /* Products */;
			projectDirPath = "";
			projectReferences = (
				{
					ProductGroup = F28716781CF51B0E00D0107B /* Products */;
					ProjectRef = F28716771CF51B0E00D0107B /* SwiftyJSON.xcodeproj */;
				},
			);
			projectRoot = "";
			targets = (
				F28150681CD03B62006CB19A /* AF Fitness Tracker */,
				F281507C1CD03B62006CB19A /* AF Fitness TrackerTests */,
				F28150871CD03B62006CB19A /* AF Fitness TrackerUITests */,
			);
		};
/* End PBXProject section */

/* Begin PBXReferenceProxy section */
		F28716821CF51B0E00D0107B /* SwiftyJSON.framework */ = {
			isa = PBXReferenceProxy;
			fileType = wrapper.framework;
			path = SwiftyJSON.framework;
			remoteRef = F28716811CF51B0E00D0107B /* PBXContainerItemProxy */;
			sourceTree = BUILT_PRODUCTS_DIR;
		};
		F28716841CF51B0E00D0107B /* SwiftyJSON iOS Tests.xctest */ = {
			isa = PBXReferenceProxy;
			fileType = wrapper.cfbundle;
			path = "SwiftyJSON iOS Tests.xctest";
			remoteRef = F28716831CF51B0E00D0107B /* PBXContainerItemProxy */;
			sourceTree = BUILT_PRODUCTS_DIR;
		};
		F28716861CF51B0E00D0107B /* SwiftyJSON.framework */ = {
			isa = PBXReferenceProxy;
			fileType = wrapper.framework;
			path = SwiftyJSON.framework;
			remoteRef = F28716851CF51B0E00D0107B /* PBXContainerItemProxy */;
			sourceTree = BUILT_PRODUCTS_DIR;
		};
		F28716881CF51B0E00D0107B /* SwiftyJSON OSX Tests.xctest */ = {
			isa = PBXReferenceProxy;
			fileType = wrapper.cfbundle;
			path = "SwiftyJSON OSX Tests.xctest";
			remoteRef = F28716871CF51B0E00D0107B /* PBXContainerItemProxy */;
			sourceTree = BUILT_PRODUCTS_DIR;
		};
		F287168A1CF51B0E00D0107B /* SwiftyJSON.framework */ = {
			isa = PBXReferenceProxy;
			fileType = wrapper.framework;
			path = SwiftyJSON.framework;
			remoteRef = F28716891CF51B0E00D0107B /* PBXContainerItemProxy */;
			sourceTree = BUILT_PRODUCTS_DIR;
		};
		F287168C1CF51B0E00D0107B /* SwiftyJSON.framework */ = {
			isa = PBXReferenceProxy;
			fileType = wrapper.framework;
			path = SwiftyJSON.framework;
			remoteRef = F287168B1CF51B0E00D0107B /* PBXContainerItemProxy */;
			sourceTree = BUILT_PRODUCTS_DIR;
		};
		F287168E1CF51B0E00D0107B /* SwiftyJSON tvOS Tests.xctest */ = {
			isa = PBXReferenceProxy;
			fileType = wrapper.cfbundle;
			path = "SwiftyJSON tvOS Tests.xctest";
			remoteRef = F287168D1CF51B0E00D0107B /* PBXContainerItemProxy */;
			sourceTree = BUILT_PRODUCTS_DIR;
		};
/* End PBXReferenceProxy section */

/* Begin PBXResourcesBuildPhase section */
		F28150671CD03B62006CB19A /* Resources */ = {
			isa = PBXResourcesBuildPhase;
			buildActionMask = 2147483647;
			files = (
				817BEFB41CF4B9F000E791DF /* m29.json in Resources */,
				F28150741CD03B62006CB19A /* Assets.xcassets in Resources */,
				F28716A61CF51C7200D0107B /* m50.json in Resources */,
				F287169F1CF51C6300D0107B /* f59.json in Resources */,
				F2F876A41CD0551E004A72F3 /* FitnessTableViewController.xib in Resources */,
				F28716A51CF51C7200D0107B /* m40.json in Resources */,
				F287169E1CF51C6300D0107B /* f49.json in Resources */,
				F287169B1CF51C6300D0107B /* f29.json in Resources */,
				F28716A71CF51C7200D0107B /* m60.json in Resources */,
				F287169D1CF51C6300D0107B /* f39.json in Resources */,
				F28150721CD03B62006CB19A /* Main.storyboard in Resources */,
				F28716A41CF51C7200D0107B /* m30.json in Resources */,
				F287169C1CF51C6300D0107B /* f30.json in Resources */,
			);
			runOnlyForDeploymentPostprocessing = 0;
		};
		F281507B1CD03B62006CB19A /* Resources */ = {
			isa = PBXResourcesBuildPhase;
			buildActionMask = 2147483647;
			files = (
			);
			runOnlyForDeploymentPostprocessing = 0;
		};
		F28150861CD03B62006CB19A /* Resources */ = {
			isa = PBXResourcesBuildPhase;
			buildActionMask = 2147483647;
			files = (
			);
			runOnlyForDeploymentPostprocessing = 0;
		};
/* End PBXResourcesBuildPhase section */

/* Begin PBXSourcesBuildPhase section */
		F28150651CD03B62006CB19A /* Sources */ = {
			isa = PBXSourcesBuildPhase;
			buildActionMask = 2147483647;
			files = (
				F2F876A31CD0551E004A72F3 /* FitnessTableViewController.swift in Sources */,
				81AB14D11CF475BB0065C167 /* WaistViewController.swift in Sources */,
				F2FBC3F51CD968F100CC6584 /* Run.swift in Sources */,
				F20DA9141CD1886600447A07 /* Helper.swift in Sources */,
				817BEF921CF48DAE00E791DF /* m29.json in Sources */,
				81AB14CF1CF468660065C167 /* PushupViewController.swift in Sources */,
				F2F8769C1CD0422C004A72F3 /* FitnessTableViewCell.swift in Sources */,
				817BEF941CF4AE8400E791DF /* DataMapping.swift in Sources */,
				F2F8769A1CD03DA6004A72F3 /* Score.swift in Sources */,
				F281506F1CD03B62006CB19A /* FitnessViewController.swift in Sources */,
				F2AFCBE01CD996FA000E404B /* SitupViewController.swift in Sources */,
				8165ABC71CD11D3100581440 /* RunViewController.swift in Sources */,
				817BEF961CF4AF4500E791DF /* DataImport.swift in Sources */,
				F281506D1CD03B62006CB19A /* AppDelegate.swift in Sources */,
			);
			runOnlyForDeploymentPostprocessing = 0;
		};
		F28150791CD03B62006CB19A /* Sources */ = {
			isa = PBXSourcesBuildPhase;
			buildActionMask = 2147483647;
			files = (
				F28150821CD03B62006CB19A /* AF_Fitness_TrackerTests.swift in Sources */,
			);
			runOnlyForDeploymentPostprocessing = 0;
		};
		F28150841CD03B62006CB19A /* Sources */ = {
			isa = PBXSourcesBuildPhase;
			buildActionMask = 2147483647;
			files = (
				F281508D1CD03B62006CB19A /* AF_Fitness_TrackerUITests.swift in Sources */,
			);
			runOnlyForDeploymentPostprocessing = 0;
		};
/* End PBXSourcesBuildPhase section */

/* Begin PBXTargetDependency section */
		F281507F1CD03B62006CB19A /* PBXTargetDependency */ = {
			isa = PBXTargetDependency;
			target = F28150681CD03B62006CB19A /* AF Fitness Tracker */;
			targetProxy = F281507E1CD03B62006CB19A /* PBXContainerItemProxy */;
		};
		F281508A1CD03B62006CB19A /* PBXTargetDependency */ = {
			isa = PBXTargetDependency;
			target = F28150681CD03B62006CB19A /* AF Fitness Tracker */;
			targetProxy = F28150891CD03B62006CB19A /* PBXContainerItemProxy */;
		};
/* End PBXTargetDependency section */

/* Begin PBXVariantGroup section */
		F28150701CD03B62006CB19A /* Main.storyboard */ = {
			isa = PBXVariantGroup;
			children = (
				F28150711CD03B62006CB19A /* Base */,
			);
			name = Main.storyboard;
			sourceTree = "<group>";
		};
/* End PBXVariantGroup section */

/* Begin XCBuildConfiguration section */
		F281508F1CD03B62006CB19A /* Debug */ = {
			isa = XCBuildConfiguration;
			buildSettings = {
				ALWAYS_SEARCH_USER_PATHS = NO;
				CLANG_ANALYZER_NONNULL = YES;
				CLANG_CXX_LANGUAGE_STANDARD = "gnu++0x";
				CLANG_CXX_LIBRARY = "libc++";
				CLANG_ENABLE_MODULES = YES;
				CLANG_ENABLE_OBJC_ARC = YES;
				CLANG_WARN_BOOL_CONVERSION = YES;
				CLANG_WARN_CONSTANT_CONVERSION = YES;
				CLANG_WARN_DIRECT_OBJC_ISA_USAGE = YES_ERROR;
				CLANG_WARN_EMPTY_BODY = YES;
				CLANG_WARN_ENUM_CONVERSION = YES;
				CLANG_WARN_INT_CONVERSION = YES;
				CLANG_WARN_OBJC_ROOT_CLASS = YES_ERROR;
				CLANG_WARN_UNREACHABLE_CODE = YES;
				CLANG_WARN__DUPLICATE_METHOD_MATCH = YES;
				"CODE_SIGN_IDENTITY[sdk=iphoneos*]" = "iPhone Developer";
				COPY_PHASE_STRIP = NO;
				DEBUG_INFORMATION_FORMAT = dwarf;
				ENABLE_STRICT_OBJC_MSGSEND = YES;
				ENABLE_TESTABILITY = YES;
				GCC_C_LANGUAGE_STANDARD = gnu99;
				GCC_DYNAMIC_NO_PIC = NO;
				GCC_NO_COMMON_BLOCKS = YES;
				GCC_OPTIMIZATION_LEVEL = 0;
				GCC_PREPROCESSOR_DEFINITIONS = (
					"DEBUG=1",
					"$(inherited)",
				);
				GCC_WARN_64_TO_32_BIT_CONVERSION = YES;
				GCC_WARN_ABOUT_RETURN_TYPE = YES_ERROR;
				GCC_WARN_UNDECLARED_SELECTOR = YES;
				GCC_WARN_UNINITIALIZED_AUTOS = YES_AGGRESSIVE;
				GCC_WARN_UNUSED_FUNCTION = YES;
				GCC_WARN_UNUSED_VARIABLE = YES;
				IPHONEOS_DEPLOYMENT_TARGET = 9.3;
				MTL_ENABLE_DEBUG_INFO = YES;
				ONLY_ACTIVE_ARCH = YES;
				SDKROOT = iphoneos;
				SWIFT_OPTIMIZATION_LEVEL = "-Onone";
				TARGETED_DEVICE_FAMILY = "1,2";
			};
			name = Debug;
		};
		F28150901CD03B62006CB19A /* Release */ = {
			isa = XCBuildConfiguration;
			buildSettings = {
				ALWAYS_SEARCH_USER_PATHS = NO;
				CLANG_ANALYZER_NONNULL = YES;
				CLANG_CXX_LANGUAGE_STANDARD = "gnu++0x";
				CLANG_CXX_LIBRARY = "libc++";
				CLANG_ENABLE_MODULES = YES;
				CLANG_ENABLE_OBJC_ARC = YES;
				CLANG_WARN_BOOL_CONVERSION = YES;
				CLANG_WARN_CONSTANT_CONVERSION = YES;
				CLANG_WARN_DIRECT_OBJC_ISA_USAGE = YES_ERROR;
				CLANG_WARN_EMPTY_BODY = YES;
				CLANG_WARN_ENUM_CONVERSION = YES;
				CLANG_WARN_INT_CONVERSION = YES;
				CLANG_WARN_OBJC_ROOT_CLASS = YES_ERROR;
				CLANG_WARN_UNREACHABLE_CODE = YES;
				CLANG_WARN__DUPLICATE_METHOD_MATCH = YES;
				"CODE_SIGN_IDENTITY[sdk=iphoneos*]" = "iPhone Developer";
				COPY_PHASE_STRIP = NO;
				DEBUG_INFORMATION_FORMAT = "dwarf-with-dsym";
				ENABLE_NS_ASSERTIONS = NO;
				ENABLE_STRICT_OBJC_MSGSEND = YES;
				GCC_C_LANGUAGE_STANDARD = gnu99;
				GCC_NO_COMMON_BLOCKS = YES;
				GCC_WARN_64_TO_32_BIT_CONVERSION = YES;
				GCC_WARN_ABOUT_RETURN_TYPE = YES_ERROR;
				GCC_WARN_UNDECLARED_SELECTOR = YES;
				GCC_WARN_UNINITIALIZED_AUTOS = YES_AGGRESSIVE;
				GCC_WARN_UNUSED_FUNCTION = YES;
				GCC_WARN_UNUSED_VARIABLE = YES;
				IPHONEOS_DEPLOYMENT_TARGET = 9.3;
				MTL_ENABLE_DEBUG_INFO = NO;
				SDKROOT = iphoneos;
				TARGETED_DEVICE_FAMILY = "1,2";
				VALIDATE_PRODUCT = YES;
			};
			name = Release;
		};
		F28150921CD03B62006CB19A /* Debug */ = {
			isa = XCBuildConfiguration;
			buildSettings = {
				ASSETCATALOG_COMPILER_APPICON_NAME = AppIcon;
				CODE_SIGN_IDENTITY = "iPhone Developer";
				INFOPLIST_FILE = "AF Fitness Tracker/Info.plist";
				LD_RUNPATH_SEARCH_PATHS = "$(inherited) @executable_path/Frameworks";
				PRODUCT_BUNDLE_IDENTIFIER = "tony.gresko.AF-Fitness-Tracker";
				PRODUCT_NAME = "$(TARGET_NAME)";
			};
			name = Debug;
		};
		F28150931CD03B62006CB19A /* Release */ = {
			isa = XCBuildConfiguration;
			buildSettings = {
				ASSETCATALOG_COMPILER_APPICON_NAME = AppIcon;
				CODE_SIGN_IDENTITY = "iPhone Developer";
				INFOPLIST_FILE = "AF Fitness Tracker/Info.plist";
				LD_RUNPATH_SEARCH_PATHS = "$(inherited) @executable_path/Frameworks";
				PRODUCT_BUNDLE_IDENTIFIER = "tony.gresko.AF-Fitness-Tracker";
				PRODUCT_NAME = "$(TARGET_NAME)";
			};
			name = Release;
		};
		F28150951CD03B62006CB19A /* Debug */ = {
			isa = XCBuildConfiguration;
			buildSettings = {
				BUNDLE_LOADER = "$(TEST_HOST)";
				INFOPLIST_FILE = "AF Fitness TrackerTests/Info.plist";
				LD_RUNPATH_SEARCH_PATHS = "$(inherited) @executable_path/Frameworks @loader_path/Frameworks";
				PRODUCT_BUNDLE_IDENTIFIER = "tony.gresko.AF-Fitness-TrackerTests";
				PRODUCT_NAME = "$(TARGET_NAME)";
				TEST_HOST = "$(BUILT_PRODUCTS_DIR)/AF Fitness Tracker.app/AF Fitness Tracker";
			};
			name = Debug;
		};
		F28150961CD03B62006CB19A /* Release */ = {
			isa = XCBuildConfiguration;
			buildSettings = {
				BUNDLE_LOADER = "$(TEST_HOST)";
				INFOPLIST_FILE = "AF Fitness TrackerTests/Info.plist";
				LD_RUNPATH_SEARCH_PATHS = "$(inherited) @executable_path/Frameworks @loader_path/Frameworks";
				PRODUCT_BUNDLE_IDENTIFIER = "tony.gresko.AF-Fitness-TrackerTests";
				PRODUCT_NAME = "$(TARGET_NAME)";
				TEST_HOST = "$(BUILT_PRODUCTS_DIR)/AF Fitness Tracker.app/AF Fitness Tracker";
			};
			name = Release;
		};
		F28150981CD03B62006CB19A /* Debug */ = {
			isa = XCBuildConfiguration;
			buildSettings = {
				INFOPLIST_FILE = "AF Fitness TrackerUITests/Info.plist";
				LD_RUNPATH_SEARCH_PATHS = "$(inherited) @executable_path/Frameworks @loader_path/Frameworks";
				PRODUCT_BUNDLE_IDENTIFIER = "tony.gresko.AF-Fitness-TrackerUITests";
				PRODUCT_NAME = "$(TARGET_NAME)";
				TEST_TARGET_NAME = "AF Fitness Tracker";
			};
			name = Debug;
		};
		F28150991CD03B62006CB19A /* Release */ = {
			isa = XCBuildConfiguration;
			buildSettings = {
				INFOPLIST_FILE = "AF Fitness TrackerUITests/Info.plist";
				LD_RUNPATH_SEARCH_PATHS = "$(inherited) @executable_path/Frameworks @loader_path/Frameworks";
				PRODUCT_BUNDLE_IDENTIFIER = "tony.gresko.AF-Fitness-TrackerUITests";
				PRODUCT_NAME = "$(TARGET_NAME)";
				TEST_TARGET_NAME = "AF Fitness Tracker";
			};
			name = Release;
		};
/* End XCBuildConfiguration section */

/* Begin XCConfigurationList section */
		F28150641CD03B62006CB19A /* Build configuration list for PBXProject "AF Fitness Tracker" */ = {
			isa = XCConfigurationList;
			buildConfigurations = (
				F281508F1CD03B62006CB19A /* Debug */,
				F28150901CD03B62006CB19A /* Release */,
			);
			defaultConfigurationIsVisible = 0;
			defaultConfigurationName = Release;
		};
		F28150911CD03B62006CB19A /* Build configuration list for PBXNativeTarget "AF Fitness Tracker" */ = {
			isa = XCConfigurationList;
			buildConfigurations = (
				F28150921CD03B62006CB19A /* Debug */,
				F28150931CD03B62006CB19A /* Release */,
			);
			defaultConfigurationIsVisible = 0;
			defaultConfigurationName = Release;
		};
		F28150941CD03B62006CB19A /* Build configuration list for PBXNativeTarget "AF Fitness TrackerTests" */ = {
			isa = XCConfigurationList;
			buildConfigurations = (
				F28150951CD03B62006CB19A /* Debug */,
				F28150961CD03B62006CB19A /* Release */,
			);
			defaultConfigurationIsVisible = 0;
			defaultConfigurationName = Release;
		};
		F28150971CD03B62006CB19A /* Build configuration list for PBXNativeTarget "AF Fitness TrackerUITests" */ = {
			isa = XCConfigurationList;
			buildConfigurations = (
				F28150981CD03B62006CB19A /* Debug */,
				F28150991CD03B62006CB19A /* Release */,
			);
			defaultConfigurationIsVisible = 0;
			defaultConfigurationName = Release;
		};
/* End XCConfigurationList section */
	};
	rootObject = F28150611CD03B62006CB19A /* Project object */;
}
